PODS:
  - connectivity_plus_macos (0.0.1):
    - FlutterMacOS
    - ReachabilitySwift
  - Firebase/CoreOnly (8.15.0):
    - FirebaseCore (= 8.15.0)
  - Firebase/Crashlytics (8.15.0):
    - Firebase/CoreOnly
    - FirebaseCrashlytics (~> 8.15.0)
  - Firebase/Messaging (8.15.0):
    - Firebase/CoreOnly
    - FirebaseMessaging (~> 8.15.0)
  - Firebase/RemoteConfig (8.15.0):
    - Firebase/CoreOnly
    - FirebaseRemoteConfig (~> 8.15.0)
  - firebase_core (1.17.0):
    - Firebase/CoreOnly (~> 8.15.0)
    - FlutterMacOS
  - firebase_crashlytics (2.8.0):
    - Firebase/CoreOnly (~> 8.15.0)
    - Firebase/Crashlytics (~> 8.15.0)
    - firebase_core
    - FlutterMacOS
  - firebase_messaging (11.3.0):
    - Firebase/CoreOnly (~> 8.15.0)
    - Firebase/Messaging (~> 8.15.0)
    - firebase_core
    - FlutterMacOS
  - firebase_remote_config (2.0.6):
    - Firebase/CoreOnly (~> 8.15.0)
    - Firebase/RemoteConfig (~> 8.15.0)
    - firebase_core
    - FlutterMacOS
  - FirebaseABTesting (8.15.0):
    - FirebaseCore (~> 8.0)
  - FirebaseCore (8.15.0):
    - FirebaseCoreDiagnostics (~> 8.0)
    - GoogleUtilities/Environment (~> 7.7)
    - GoogleUtilities/Logger (~> 7.7)
  - FirebaseCoreDiagnostics (8.15.0):
    - GoogleDataTransport (~> 9.1)
    - GoogleUtilities/Environment (~> 7.7)
    - GoogleUtilities/Logger (~> 7.7)
    - nanopb (~> 2.30908.0)
  - FirebaseCrashlytics (8.15.0):
    - FirebaseCore (~> 8.0)
    - FirebaseInstallations (~> 8.0)
    - GoogleDataTransport (~> 9.1)
    - GoogleUtilities/Environment (~> 7.7)
    - nanopb (~> 2.30908.0)
    - PromisesObjC (< 3.0, >= 1.2)
  - FirebaseInstallations (8.15.0):
    - FirebaseCore (~> 8.0)
    - GoogleUtilities/Environment (~> 7.7)
    - GoogleUtilities/UserDefaults (~> 7.7)
    - PromisesObjC (< 3.0, >= 1.2)
  - FirebaseMessaging (8.15.0):
    - FirebaseCore (~> 8.0)
    - FirebaseInstallations (~> 8.0)
    - GoogleDataTransport (~> 9.1)
    - GoogleUtilities/AppDelegateSwizzler (~> 7.7)
    - GoogleUtilities/Environment (~> 7.7)
    - GoogleUtilities/Reachability (~> 7.7)
    - GoogleUtilities/UserDefaults (~> 7.7)
    - nanopb (~> 2.30908.0)
  - FirebaseRemoteConfig (8.15.0):
    - FirebaseABTesting (~> 8.0)
    - FirebaseCore (~> 8.0)
    - FirebaseInstallations (~> 8.0)
    - GoogleUtilities/Environment (~> 7.7)
    - "GoogleUtilities/NSData+zlib (~> 7.7)"
  - FlutterMacOS (1.0.0)
  - FMDB (2.7.5):
    - FMDB/standard (= 2.7.5)
  - FMDB/standard (2.7.5)
  - GoogleDataTransport (9.1.4):
    - GoogleUtilities/Environment (~> 7.7)
    - nanopb (< 2.30910.0, >= 2.30908.0)
    - PromisesObjC (< 3.0, >= 1.2)
  - GoogleUtilities/AppDelegateSwizzler (7.7.0):
    - GoogleUtilities/Environment
    - GoogleUtilities/Logger
    - GoogleUtilities/Network
  - GoogleUtilities/Environment (7.7.0):
    - PromisesObjC (< 3.0, >= 1.2)
  - GoogleUtilities/Logger (7.7.0):
    - GoogleUtilities/Environment
  - GoogleUtilities/Network (7.7.0):
    - GoogleUtilities/Logger
    - "GoogleUtilities/NSData+zlib"
    - GoogleUtilities/Reachability
  - "GoogleUtilities/NSData+zlib (7.7.0)"
  - GoogleUtilities/Reachability (7.7.0):
    - GoogleUtilities/Logger
  - GoogleUtilities/UserDefaults (7.7.0):
    - GoogleUtilities/Logger
  - mobile_scanner (0.0.1):
    - FlutterMacOS
  - nanopb (2.30908.0):
    - nanopb/decode (= 2.30908.0)
    - nanopb/encode (= 2.30908.0)
  - nanopb/decode (2.30908.0)
  - nanopb/encode (2.30908.0)
  - package_info_plus_macos (0.0.1):
    - FlutterMacOS
  - path_provider_macos (0.0.1):
    - FlutterMacOS
  - PromisesObjC (2.1.0)
  - prov_wallet_flutter (0.0.1):
    - FlutterMacOS
    - SwiftyJSON (~> 4.0)
  - ReachabilitySwift (5.0.0)
  - shared_preferences_macos (0.0.1):
    - FlutterMacOS
  - sqflite (0.0.2):
    - FlutterMacOS
    - FMDB (>= 2.7.5)
  - SwiftyJSON (4.3.0)
  - url_launcher_macos (0.0.1):
    - FlutterMacOS

DEPENDENCIES:
  - connectivity_plus_macos (from `Flutter/ephemeral/.symlinks/plugins/connectivity_plus_macos/macos`)
  - firebase_core (from `Flutter/ephemeral/.symlinks/plugins/firebase_core/macos`)
  - firebase_crashlytics (from `Flutter/ephemeral/.symlinks/plugins/firebase_crashlytics/macos`)
  - firebase_messaging (from `Flutter/ephemeral/.symlinks/plugins/firebase_messaging/macos`)
  - firebase_remote_config (from `Flutter/ephemeral/.symlinks/plugins/firebase_remote_config/macos`)
  - FlutterMacOS (from `Flutter/ephemeral`)
  - mobile_scanner (from `Flutter/ephemeral/.symlinks/plugins/mobile_scanner/macos`)
  - package_info_plus_macos (from `Flutter/ephemeral/.symlinks/plugins/package_info_plus_macos/macos`)
  - path_provider_macos (from `Flutter/ephemeral/.symlinks/plugins/path_provider_macos/macos`)
  - prov_wallet_flutter (from `Flutter/ephemeral/.symlinks/plugins/prov_wallet_flutter/macos`)
  - shared_preferences_macos (from `Flutter/ephemeral/.symlinks/plugins/shared_preferences_macos/macos`)
  - sqflite (from `Flutter/ephemeral/.symlinks/plugins/sqflite/macos`)
  - url_launcher_macos (from `Flutter/ephemeral/.symlinks/plugins/url_launcher_macos/macos`)

SPEC REPOS:
  trunk:
    - Firebase
    - FirebaseABTesting
    - FirebaseCore
    - FirebaseCoreDiagnostics
    - FirebaseCrashlytics
    - FirebaseInstallations
    - FirebaseMessaging
    - FirebaseRemoteConfig
    - FMDB
    - GoogleDataTransport
    - GoogleUtilities
    - nanopb
    - PromisesObjC
    - ReachabilitySwift
    - SwiftyJSON

EXTERNAL SOURCES:
  connectivity_plus_macos:
    :path: Flutter/ephemeral/.symlinks/plugins/connectivity_plus_macos/macos
  firebase_core:
    :path: Flutter/ephemeral/.symlinks/plugins/firebase_core/macos
  firebase_crashlytics:
    :path: Flutter/ephemeral/.symlinks/plugins/firebase_crashlytics/macos
  firebase_messaging:
    :path: Flutter/ephemeral/.symlinks/plugins/firebase_messaging/macos
  firebase_remote_config:
    :path: Flutter/ephemeral/.symlinks/plugins/firebase_remote_config/macos
  FlutterMacOS:
    :path: Flutter/ephemeral
  mobile_scanner:
    :path: Flutter/ephemeral/.symlinks/plugins/mobile_scanner/macos
  package_info_plus_macos:
    :path: Flutter/ephemeral/.symlinks/plugins/package_info_plus_macos/macos
  path_provider_macos:
    :path: Flutter/ephemeral/.symlinks/plugins/path_provider_macos/macos
  prov_wallet_flutter:
    :path: Flutter/ephemeral/.symlinks/plugins/prov_wallet_flutter/macos
  shared_preferences_macos:
    :path: Flutter/ephemeral/.symlinks/plugins/shared_preferences_macos/macos
  sqflite:
    :path: Flutter/ephemeral/.symlinks/plugins/sqflite/macos
  url_launcher_macos:
    :path: Flutter/ephemeral/.symlinks/plugins/url_launcher_macos/macos

SPEC CHECKSUMS:
  connectivity_plus_macos: f6e86fd000e971d361e54b5afcadc8c8fa773308
  Firebase: 5f8193dff4b5b7c5d5ef72ae54bb76c08e2b841d
  firebase_core: 895eaa063bde36f163d959810717e0f7a3bac614
  firebase_crashlytics: dfa8b309709256872f9595234b8c969cc8fc86f2
  firebase_messaging: 6022495751261cf73c7fb5dd136358220f452894
  firebase_remote_config: d2a5814534dddfa125e6db3b094717b2a5507f5e
  FirebaseABTesting: 10cbce8db9985ae2e3847ea44e9947dd18f94e10
  FirebaseCore: 5743c5785c074a794d35f2fff7ecc254a91e08b1
  FirebaseCoreDiagnostics: 92e07a649aeb66352b319d43bdd2ee3942af84cb
  FirebaseCrashlytics: feb07e4e9187be3c23c6a846cce4824e5ce2dd0b
  FirebaseInstallations: 40bd9054049b2eae9a2c38ef1c3dd213df3605cd
  FirebaseMessaging: 5e5118a2383b3531e730d974680954c679ca0a13
  FirebaseRemoteConfig: 2d6e2cfdb49af79535c8af8a80a4a5009038ec2b
  FlutterMacOS: 57701585bf7de1b3fc2bb61f6378d73bbdea8424
  FMDB: 2ce00b547f966261cd18927a3ddb07cb6f3db82a
  GoogleDataTransport: 5fffe35792f8b96ec8d6775f5eccd83c998d5a3b
  GoogleUtilities: e0913149f6b0625b553d70dae12b49fc62914fd1
  mobile_scanner: 35dc92ffdbd7934b0dbc411b1c731bc2ef23c2dc
  nanopb: a0ba3315591a9ae0a16a309ee504766e90db0c96
  package_info_plus_macos: f010621b07802a241d96d01876d6705f15e77c1c
  path_provider_macos: 3c0c3b4b0d4a76d2bf989a913c2de869c5641a19
  PromisesObjC: 99b6f43f9e1044bd87a95a60beff28c2c44ddb72
  prov_wallet_flutter: 45e67385653200775a644dd6d39ebad68d2f1394
  ReachabilitySwift: 985039c6f7b23a1da463388634119492ff86c825
  shared_preferences_macos: a64dc611287ed6cbe28fd1297898db1336975727
  sqflite: a5789cceda41d54d23f31d6de539d65bb14100ea
  SwiftyJSON: 6faa0040f8b59dead0ee07436cbf76b73c08fd08
  url_launcher_macos: 597e05b8e514239626bcf4a850fcf9ef5c856ec3

PODFILE CHECKSUM: a884f6dd3f7494f3892ee6c81feea3a3abbf9153

COCOAPODS: 1.11.3
